[[package]]
name = "hello"
version = "0.1.0"
dependencies = [
 "lazy_static 0.2.10 (registry+https://github.com/rust-lang/crates.io-index)",
 "libc 0.2.33 (registry+https://github.com/rust-lang/crates.io-index)",
]

[[package]]
name = "lazy_static"
version = "0.2.10"
source = "registry+https://github.com/rust-lang/crates.io-index"

[[package]]
name = "libc"
version = "0.2.33"
source = "registry+https://github.com/rust-lang/crates.io-index"

[metadata]
"checksum lazy_static 0.2.10 (registry+https://github.com/rust-lang/crates.io-index)" = "236eb37a62591d4a41a89b7763d7de3e06ca02d5ab2815446a8bae5d2f8c2d57"
"checksum libc 0.2.33 (registry+https://github.com/rust-lang/crates.io-index)" = "5ba3df4dcb460b9dfbd070d41c94c19209620c191b0340b929ce748a2bcd42d2"
